// !$*UTF8*$!
{
	archiveVersion = 1;
	classes = {
	};
	objectVersion = 46;
	objects = {

/* Begin PBXBuildFile section */
		1D3623260D0F684500981E51 /* ClassMateAppDelegate.m in Sources */ = {isa = PBXBuildFile; fileRef = 1D3623250D0F684500981E51 /* ClassMateAppDelegate.m */; };
		1D60589B0D05DD56006BFB54 /* main.m in Sources */ = {isa = PBXBuildFile; fileRef = 29B97316FDCFA39411CA2CEA /* main.m */; };
		1D60589F0D05DD5A006BFB54 /* Foundation.framework in Frameworks */ = {isa = PBXBuildFile; fileRef = 1D30AB110D05D00D00671497 /* Foundation.framework */; };
		1DF5F4E00D08C38300B7A737 /* UIKit.framework in Frameworks */ = {isa = PBXBuildFile; fileRef = 1DF5F4DF0D08C38300B7A737 /* UIKit.framework */; };
		28216C970DB411BC00E5133A /* FirstViewController.m in Sources */ = {isa = PBXBuildFile; fileRef = 28216C960DB411BC00E5133A /* FirstViewController.m */; };
		282CCBFE0DB6C98000C4EA27 /* SecondView.xib in Resources */ = {isa = PBXBuildFile; fileRef = 282CCBFD0DB6C98000C4EA27 /* SecondView.xib */; };
		2840D7CE1179279E00D7F93C /* FirstView.xib in Resources */ = {isa = PBXBuildFile; fileRef = 2840D7CD1179279E00D7F93C /* FirstView.xib */; };
		288765080DF74369002DB57D /* CoreGraphics.framework in Frameworks */ = {isa = PBXBuildFile; fileRef = 288765070DF74369002DB57D /* CoreGraphics.framework */; };
		28AD73880D9D96C1002E5188 /* MainWindow.xib in Resources */ = {isa = PBXBuildFile; fileRef = 28AD73870D9D96C1002E5188 /* MainWindow.xib */; };
		3F571FB513DF535600C93301 /* aboutView.m in Sources */ = {isa = PBXBuildFile; fileRef = 3F571FB313DF535600C93301 /* aboutView.m */; };
		3F571FB613DF535600C93301 /* aboutView.xib in Resources */ = {isa = PBXBuildFile; fileRef = 3F571FB413DF535600C93301 /* aboutView.xib */; };
		52390B0213D9F07600C3344C /* DescriptionView.m in Sources */ = {isa = PBXBuildFile; fileRef = 52390B0013D9F07600C3344C /* DescriptionView.m */; };
		52390B0313D9F07600C3344C /* DescriptionView.xib in Resources */ = {isa = PBXBuildFile; fileRef = 52390B0113D9F07600C3344C /* DescriptionView.xib */; };
		52390B3713D9F31F00C3344C /* libsqlite3.0.dylib in Frameworks */ = {isa = PBXBuildFile; fileRef = 52390B3613D9F31F00C3344C /* libsqlite3.0.dylib */; };
		525D593213D613B200B66334 /* classView.m in Sources */ = {isa = PBXBuildFile; fileRef = 525D593013D613B200B66334 /* classView.m */; };
		525D593313D613B200B66334 /* classView.xib in Resources */ = {isa = PBXBuildFile; fileRef = 525D593113D613B200B66334 /* classView.xib */; };
		52A5AA3113DE521F009E06A9 /* EgoDb.m in Sources */ = {isa = PBXBuildFile; fileRef = 52A5AA3013DE521F009E06A9 /* EgoDb.m */; };
		52B21A8813DE513300C984A5 /* EventObj.m in Sources */ = {isa = PBXBuildFile; fileRef = 52B21A5413DE513300C984A5 /* EventObj.m */; };
		52C98C0213D9F93C00B021FD /* EGODatabase.m in Sources */ = {isa = PBXBuildFile; fileRef = 52C98BF913D9F93C00B021FD /* EGODatabase.m */; };
		52C98C0313D9F93C00B021FD /* EGODatabaseRequest.m in Sources */ = {isa = PBXBuildFile; fileRef = 52C98BFB13D9F93C00B021FD /* EGODatabaseRequest.m */; };
		52C98C0413D9F93C00B021FD /* EGODatabaseResult.m in Sources */ = {isa = PBXBuildFile; fileRef = 52C98BFD13D9F93C00B021FD /* EGODatabaseResult.m */; };
		52C98C0513D9F93C00B021FD /* EGODatabaseRow.m in Sources */ = {isa = PBXBuildFile; fileRef = 52C98BFF13D9F93C00B021FD /* EGODatabaseRow.m */; };
		52C98C0913D9F94A00B021FD /* ClassObj.m in Sources */ = {isa = PBXBuildFile; fileRef = 52C98C0813D9F94A00B021FD /* ClassObj.m */; };
		52C98C0B13D9F95700B021FD /* ClassMate2.sqlite in Resources */ = {isa = PBXBuildFile; fileRef = 52C98C0A13D9F95700B021FD /* ClassMate2.sqlite */; };
		52FA5E4713DF49DE00CEEBD7 /* classList.m in Sources */ = {isa = PBXBuildFile; fileRef = 52FA5E4513DF49DE00CEEBD7 /* classList.m */; };
		52FA5E4813DF49DE00CEEBD7 /* classList.xib in Resources */ = {isa = PBXBuildFile; fileRef = 52FA5E4613DF49DE00CEEBD7 /* classList.xib */; };
/* End PBXBuildFile section */

/* Begin PBXFileReference section */
		1D30AB110D05D00D00671497 /* Foundation.framework */ = {isa = PBXFileReference; lastKnownFileType = wrapper.framework; name = Foundation.framework; path = System/Library/Frameworks/Foundation.framework; sourceTree = SDKROOT; };
		1D3623240D0F684500981E51 /* ClassMateAppDelegate.h */ = {isa = PBXFileReference; fileEncoding = 4; lastKnownFileType = sourcecode.c.h; path = ClassMateAppDelegate.h; sourceTree = "<group>"; };
		1D3623250D0F684500981E51 /* ClassMateAppDelegate.m */ = {isa = PBXFileReference; fileEncoding = 4; lastKnownFileType = sourcecode.c.objc; path = ClassMateAppDelegate.m; sourceTree = "<group>"; };
		1D6058910D05DD3D006BFB54 /* ClassMate.app */ = {isa = PBXFileReference; explicitFileType = wrapper.application; includeInIndex = 0; path = ClassMate.app; sourceTree = BUILT_PRODUCTS_DIR; };
		1DF5F4DF0D08C38300B7A737 /* UIKit.framework */ = {isa = PBXFileReference; lastKnownFileType = wrapper.framework; name = UIKit.framework; path = System/Library/Frameworks/UIKit.framework; sourceTree = SDKROOT; };
		28216C950DB411BC00E5133A /* FirstViewController.h */ = {isa = PBXFileReference; fileEncoding = 4; lastKnownFileType = sourcecode.c.h; path = FirstViewController.h; sourceTree = "<group>"; };
		28216C960DB411BC00E5133A /* FirstViewController.m */ = {isa = PBXFileReference; fileEncoding = 4; lastKnownFileType = sourcecode.c.objc; path = FirstViewController.m; sourceTree = "<group>"; };
		282CCBFD0DB6C98000C4EA27 /* SecondView.xib */ = {isa = PBXFileReference; lastKnownFileType = file.xib; path = SecondView.xib; sourceTree = "<group>"; };
		2840D7CD1179279E00D7F93C /* FirstView.xib */ = {isa = PBXFileReference; lastKnownFileType = file.xib; path = FirstView.xib; sourceTree = "<group>"; };
		288765070DF74369002DB57D /* CoreGraphics.framework */ = {isa = PBXFileReference; lastKnownFileType = wrapper.framework; name = CoreGraphics.framework; path = System/Library/Frameworks/CoreGraphics.framework; sourceTree = SDKROOT; };
		28A0AB4B0D9B1048005BE974 /* ClassMate_Prefix.pch */ = {isa = PBXFileReference; fileEncoding = 4; lastKnownFileType = sourcecode.c.h; path = ClassMate_Prefix.pch; sourceTree = "<group>"; };
		28AD73870D9D96C1002E5188 /* MainWindow.xib */ = {isa = PBXFileReference; lastKnownFileType = file.xib; path = MainWindow.xib; sourceTree = "<group>"; };
		29B97316FDCFA39411CA2CEA /* main.m */ = {isa = PBXFileReference; fileEncoding = 4; lastKnownFileType = sourcecode.c.objc; path = main.m; sourceTree = "<group>"; };
		3F571FB213DF535600C93301 /* aboutView.h */ = {isa = PBXFileReference; fileEncoding = 4; lastKnownFileType = sourcecode.c.h; name = aboutView.h; path = ../aboutView.h; sourceTree = "<group>"; };
		3F571FB313DF535600C93301 /* aboutView.m */ = {isa = PBXFileReference; fileEncoding = 4; lastKnownFileType = sourcecode.c.objc; name = aboutView.m; path = ../aboutView.m; sourceTree = "<group>"; };
		3F571FB413DF535600C93301 /* aboutView.xib */ = {isa = PBXFileReference; fileEncoding = 4; lastKnownFileType = file.xib; name = aboutView.xib; path = ../aboutView.xib; sourceTree = "<group>"; };
		52390AFF13D9F07600C3344C /* DescriptionView.h */ = {isa = PBXFileReference; fileEncoding = 4; lastKnownFileType = sourcecode.c.h; path = DescriptionView.h; sourceTree = "<group>"; };
		52390B0013D9F07600C3344C /* DescriptionView.m */ = {isa = PBXFileReference; fileEncoding = 4; lastKnownFileType = sourcecode.c.objc; path = DescriptionView.m; sourceTree = "<group>"; };
		52390B0113D9F07600C3344C /* DescriptionView.xib */ = {isa = PBXFileReference; lastKnownFileType = file.xib; path = DescriptionView.xib; sourceTree = "<group>"; };
		52390B3613D9F31F00C3344C /* libsqlite3.0.dylib */ = {isa = PBXFileReference; lastKnownFileType = "compiled.mach-o.dylib"; name = libsqlite3.0.dylib; path = usr/lib/libsqlite3.0.dylib; sourceTree = SDKROOT; };
		525D592F13D613B200B66334 /* classView.h */ = {isa = PBXFileReference; fileEncoding = 4; lastKnownFileType = sourcecode.c.h; path = classView.h; sourceTree = "<group>"; };
		525D593013D613B200B66334 /* classView.m */ = {isa = PBXFileReference; fileEncoding = 4; lastKnownFileType = sourcecode.c.objc; path = classView.m; sourceTree = "<group>"; };
		525D593113D613B200B66334 /* classView.xib */ = {isa = PBXFileReference; lastKnownFileType = file.xib; path = classView.xib; sourceTree = "<group>"; };
		52A5AA3013DE521F009E06A9 /* EgoDb.m */ = {isa = PBXFileReference; fileEncoding = 4; lastKnownFileType = sourcecode.c.objc; name = EgoDb.m; path = ../EgoDb.m; sourceTree = SOURCE_ROOT; };
		52B21A0A13DE511C00C984A5 /* EgoDb.h */ = {isa = PBXFileReference; fileEncoding = 4; lastKnownFileType = sourcecode.c.h; path = EgoDb.h; sourceTree = "<group>"; };
		52B21A5313DE513300C984A5 /* EventObj.h */ = {isa = PBXFileReference; fileEncoding = 4; lastKnownFileType = sourcecode.c.h; name = EventObj.h; path = ../EventObj.h; sourceTree = "<group>"; };
		52B21A5413DE513300C984A5 /* EventObj.m */ = {isa = PBXFileReference; fileEncoding = 4; lastKnownFileType = sourcecode.c.objc; name = EventObj.m; path = ../EventObj.m; sourceTree = "<group>"; };
		52C98BF813D9F93C00B021FD /* EGODatabase.h */ = {isa = PBXFileReference; fileEncoding = 4; lastKnownFileType = sourcecode.c.h; path = EGODatabase.h; sourceTree = "<group>"; };
		52C98BF913D9F93C00B021FD /* EGODatabase.m */ = {isa = PBXFileReference; fileEncoding = 4; lastKnownFileType = sourcecode.c.objc; path = EGODatabase.m; sourceTree = "<group>"; };
		52C98BFA13D9F93C00B021FD /* EGODatabaseRequest.h */ = {isa = PBXFileReference; fileEncoding = 4; lastKnownFileType = sourcecode.c.h; path = EGODatabaseRequest.h; sourceTree = "<group>"; };
		52C98BFB13D9F93C00B021FD /* EGODatabaseRequest.m */ = {isa = PBXFileReference; fileEncoding = 4; lastKnownFileType = sourcecode.c.objc; path = EGODatabaseRequest.m; sourceTree = "<group>"; };
		52C98BFC13D9F93C00B021FD /* EGODatabaseResult.h */ = {isa = PBXFileReference; fileEncoding = 4; lastKnownFileType = sourcecode.c.h; path = EGODatabaseResult.h; sourceTree = "<group>"; };
		52C98BFD13D9F93C00B021FD /* EGODatabaseResult.m */ = {isa = PBXFileReference; fileEncoding = 4; lastKnownFileType = sourcecode.c.objc; path = EGODatabaseResult.m; sourceTree = "<group>"; };
		52C98BFE13D9F93C00B021FD /* EGODatabaseRow.h */ = {isa = PBXFileReference; fileEncoding = 4; lastKnownFileType = sourcecode.c.h; path = EGODatabaseRow.h; sourceTree = "<group>"; };
		52C98BFF13D9F93C00B021FD /* EGODatabaseRow.m */ = {isa = PBXFileReference; fileEncoding = 4; lastKnownFileType = sourcecode.c.objc; path = EGODatabaseRow.m; sourceTree = "<group>"; };
		52C98C0713D9F94A00B021FD /* ClassObj.h */ = {isa = PBXFileReference; fileEncoding = 4; lastKnownFileType = sourcecode.c.h; path = ClassObj.h; sourceTree = "<group>"; };
		52C98C0813D9F94A00B021FD /* ClassObj.m */ = {isa = PBXFileReference; fileEncoding = 4; lastKnownFileType = sourcecode.c.objc; path = ClassObj.m; sourceTree = "<group>"; };
		52C98C0A13D9F95700B021FD /* ClassMate2.sqlite */ = {isa = PBXFileReference; lastKnownFileType = file; path = ClassMate2.sqlite; sourceTree = "<group>"; };
		52FA5E4413DF49DE00CEEBD7 /* classList.h */ = {isa = PBXFileReference; fileEncoding = 4; lastKnownFileType = sourcecode.c.h; name = classList.h; path = ../classList.h; sourceTree = SOURCE_ROOT; };
		52FA5E4513DF49DE00CEEBD7 /* classList.m */ = {isa = PBXFileReference; fileEncoding = 4; lastKnownFileType = sourcecode.c.objc; name = classList.m; path = ../classList.m; sourceTree = SOURCE_ROOT; };
		52FA5E4613DF49DE00CEEBD7 /* classList.xib */ = {isa = PBXFileReference; lastKnownFileType = file.xib; name = classList.xib; path = ../classList.xib; sourceTree = SOURCE_ROOT; };
		8D1107310486CEB800E47090 /* ClassMate-Info.plist */ = {isa = PBXFileReference; fileEncoding = 4; lastKnownFileType = text.plist.xml; path = "ClassMate-Info.plist"; plistStructureDefinitionIdentifier = "com.apple.xcode.plist.structure-definition.iphone.info-plist"; sourceTree = "<group>"; };
/* End PBXFileReference section */

/* Begin PBXFrameworksBuildPhase section */
		1D60588F0D05DD3D006BFB54 /* Frameworks */ = {
			isa = PBXFrameworksBuildPhase;
			buildActionMask = 2147483647;
			files = (
				1D60589F0D05DD5A006BFB54 /* Foundation.framework in Frameworks */,
				1DF5F4E00D08C38300B7A737 /* UIKit.framework in Frameworks */,
				288765080DF74369002DB57D /* CoreGraphics.framework in Frameworks */,
				52390B3713D9F31F00C3344C /* libsqlite3.0.dylib in Frameworks */,
			);
			runOnlyForDeploymentPostprocessing = 0;
		};
/* End PBXFrameworksBuildPhase section */

/* Begin PBXGroup section */
		080E96DDFE201D6D7F000001 /* Classes */ = {
			isa = PBXGroup;
			children = (
				52B21A5313DE513300C984A5 /* EventObj.h */,
				52B21A5413DE513300C984A5 /* EventObj.m */,
				3F571FB213DF535600C93301 /* aboutView.h */,
				3F571FB313DF535600C93301 /* aboutView.m */,
				3F571FB413DF535600C93301 /* aboutView.xib */,
				52FA5E4413DF49DE00CEEBD7 /* classList.h */,
				52FA5E4513DF49DE00CEEBD7 /* classList.m */,
				52FA5E4613DF49DE00CEEBD7 /* classList.xib */,
				52C98C0713D9F94A00B021FD /* ClassObj.h */,
				52C98C0813D9F94A00B021FD /* ClassObj.m */,
				28216C950DB411BC00E5133A /* FirstViewController.h */,
				28216C960DB411BC00E5133A /* FirstViewController.m */,
				1D3623240D0F684500981E51 /* ClassMateAppDelegate.h */,
				1D3623250D0F684500981E51 /* ClassMateAppDelegate.m */,
				525D592F13D613B200B66334 /* classView.h */,
				525D593013D613B200B66334 /* classView.m */,
				525D593113D613B200B66334 /* classView.xib */,
				52390AFF13D9F07600C3344C /* DescriptionView.h */,
				52390B0013D9F07600C3344C /* DescriptionView.m */,
				52390B0113D9F07600C3344C /* DescriptionView.xib */,
			);
			path = Classes;
			sourceTree = "<group>";
		};
		19C28FACFE9D520D11CA2CBB /* Products */ = {
			isa = PBXGroup;
			children = (
				1D6058910D05DD3D006BFB54 /* ClassMate.app */,
			);
			name = Products;
			sourceTree = "<group>";
		};
		29B97314FDCFA39411CA2CEA /* ClassMate */ = {
			isa = PBXGroup;
			children = (
				52C98BF713D9F91C00B021FD /* Database */,
				080E96DDFE201D6D7F000001 /* Classes */,
				29B97315FDCFA39411CA2CEA /* Other Sources */,
				29B97317FDCFA39411CA2CEA /* Resources */,
				29B97323FDCFA39411CA2CEA /* Frameworks */,
				19C28FACFE9D520D11CA2CBB /* Products */,
			);
			name = ClassMate;
			sourceTree = "<group>";
		};
		29B97315FDCFA39411CA2CEA /* Other Sources */ = {
			isa = PBXGroup;
			children = (
				28A0AB4B0D9B1048005BE974 /* ClassMate_Prefix.pch */,
				29B97316FDCFA39411CA2CEA /* main.m */,
			);
			name = "Other Sources";
			sourceTree = "<group>";
		};
		29B97317FDCFA39411CA2CEA /* Resources */ = {
			isa = PBXGroup;
			children = (
				52C98C0A13D9F95700B021FD /* ClassMate2.sqlite */,
				2840D7CD1179279E00D7F93C /* FirstView.xib */,
				282CCBFD0DB6C98000C4EA27 /* SecondView.xib */,
				28AD73870D9D96C1002E5188 /* MainWindow.xib */,
				8D1107310486CEB800E47090 /* ClassMate-Info.plist */,
			);
			name = Resources;
			sourceTree = "<group>";
		};
		29B97323FDCFA39411CA2CEA /* Frameworks */ = {
			isa = PBXGroup;
			children = (
				1DF5F4DF0D08C38300B7A737 /* UIKit.framework */,
				1D30AB110D05D00D00671497 /* Foundation.framework */,
				288765070DF74369002DB57D /* CoreGraphics.framework */,
				52390B3613D9F31F00C3344C /* libsqlite3.0.dylib */,
			);
			name = Frameworks;
			sourceTree = "<group>";
		};
		52C98BF713D9F91C00B021FD /* Database */ = {
			isa = PBXGroup;
			children = (
				52A5AA3013DE521F009E06A9 /* EgoDb.m */,
				52B21A0A13DE511C00C984A5 /* EgoDb.h */,
				52C98BF813D9F93C00B021FD /* EGODatabase.h */,
				52C98BF913D9F93C00B021FD /* EGODatabase.m */,
				52C98BFA13D9F93C00B021FD /* EGODatabaseRequest.h */,
				52C98BFB13D9F93C00B021FD /* EGODatabaseRequest.m */,
				52C98BFC13D9F93C00B021FD /* EGODatabaseResult.h */,
				52C98BFD13D9F93C00B021FD /* EGODatabaseResult.m */,
				52C98BFE13D9F93C00B021FD /* EGODatabaseRow.h */,
				52C98BFF13D9F93C00B021FD /* EGODatabaseRow.m */,
			);
			name = Database;
			sourceTree = "<group>";
		};
/* End PBXGroup section */

/* Begin PBXNativeTarget section */
		1D6058900D05DD3D006BFB54 /* ClassMate */ = {
			isa = PBXNativeTarget;
			buildConfigurationList = 1D6058960D05DD3E006BFB54 /* Build configuration list for PBXNativeTarget "ClassMate" */;
			buildPhases = (
				1D60588D0D05DD3D006BFB54 /* Resources */,
				1D60588E0D05DD3D006BFB54 /* Sources */,
				1D60588F0D05DD3D006BFB54 /* Frameworks */,
			);
			buildRules = (
			);
			dependencies = (
			);
			name = ClassMate;
			productName = ClassMate;
			productReference = 1D6058910D05DD3D006BFB54 /* ClassMate.app */;
			productType = "com.apple.product-type.application";
		};
/* End PBXNativeTarget section */

/* Begin PBXProject section */
		29B97313FDCFA39411CA2CEA /* Project object */ = {
			isa = PBXProject;
			buildConfigurationList = C01FCF4E08A954540054247B /* Build configuration list for PBXProject "ClassMate" */;
			compatibilityVersion = "Xcode 3.2";
			developmentRegion = English;
			hasScannedForEncodings = 1;
			knownRegions = (
				English,
				Japanese,
				French,
				German,
			);
			mainGroup = 29B97314FDCFA39411CA2CEA /* ClassMate */;
			projectDirPath = "";
			projectRoot = "";
			targets = (
				1D6058900D05DD3D006BFB54 /* ClassMate */,
			);
		};
/* End PBXProject section */

/* Begin PBXResourcesBuildPhase section */
		1D60588D0D05DD3D006BFB54 /* Resources */ = {
			isa = PBXResourcesBuildPhase;
			buildActionMask = 2147483647;
			files = (
				28AD73880D9D96C1002E5188 /* MainWindow.xib in Resources */,
				282CCBFE0DB6C98000C4EA27 /* SecondView.xib in Resources */,
				2840D7CE1179279E00D7F93C /* FirstView.xib in Resources */,
				525D593313D613B200B66334 /* classView.xib in Resources */,
				52390B0313D9F07600C3344C /* DescriptionView.xib in Resources */,
				52C98C0B13D9F95700B021FD /* ClassMate2.sqlite in Resources */,
				52FA5E4813DF49DE00CEEBD7 /* classList.xib in Resources */,
				3F571FB613DF535600C93301 /* aboutView.xib in Resources */,
			);
			runOnlyForDeploymentPostprocessing = 0;
		};
/* End PBXResourcesBuildPhase section */

/* Begin PBXSourcesBuildPhase section */
		1D60588E0D05DD3D006BFB54 /* Sources */ = {
			isa = PBXSourcesBuildPhase;
			buildActionMask = 2147483647;
			files = (
				1D60589B0D05DD56006BFB54 /* main.m in Sources */,
				1D3623260D0F684500981E51 /* ClassMateAppDelegate.m in Sources */,
				28216C970DB411BC00E5133A /* FirstViewController.m in Sources */,
				525D593213D613B200B66334 /* classView.m in Sources */,
				52390B0213D9F07600C3344C /* DescriptionView.m in Sources */,
				52C98C0213D9F93C00B021FD /* EGODatabase.m in Sources */,
				52C98C0313D9F93C00B021FD /* EGODatabaseRequest.m in Sources */,
				52C98C0413D9F93C00B021FD /* EGODatabaseResult.m in Sources */,
				52C98C0513D9F93C00B021FD /* EGODatabaseRow.m in Sources */,
				52C98C0913D9F94A00B021FD /* ClassObj.m in Sources */,
				52B21A8813DE513300C984A5 /* EventObj.m in Sources */,
				52A5AA3113DE521F009E06A9 /* EgoDb.m in Sources */,
				52FA5E4713DF49DE00CEEBD7 /* classList.m in Sources */,
				3F571FB513DF535600C93301 /* aboutView.m in Sources */,
			);
			runOnlyForDeploymentPostprocessing = 0;
		};
/* End PBXSourcesBuildPhase section */

/* Begin XCBuildConfiguration section */
		1D6058940D05DD3E006BFB54 /* Debug */ = {
			isa = XCBuildConfiguration;
			buildSettings = {
				ALWAYS_SEARCH_USER_PATHS = NO;
				COPY_PHASE_STRIP = NO;
				GCC_DYNAMIC_NO_PIC = NO;
				GCC_OPTIMIZATION_LEVEL = 0;
				GCC_PRECOMPILE_PREFIX_HEADER = YES;
				GCC_PREFIX_HEADER = ClassMate_Prefix.pch;
				INFOPLIST_FILE = "ClassMate-Info.plist";
				PRODUCT_NAME = ClassMate;
				SDKROOT = iphoneos4.3;
				TARGETED_DEVICE_FAMILY = 1;
			};
			name = Debug;
		};
		1D6058950D05DD3E006BFB54 /* Release */ = {
			isa = XCBuildConfiguration;
			buildSettings = {
				ALWAYS_SEARCH_USER_PATHS = NO;
				COPY_PHASE_STRIP = YES;
				GCC_PRECOMPILE_PREFIX_HEADER = YES;
				GCC_PREFIX_HEADER = ClassMate_Prefix.pch;
				INFOPLIST_FILE = "ClassMate-Info.plist";
				PRODUCT_NAME = ClassMate;
				SDKROOT = iphoneos4.3;
				TARGETED_DEVICE_FAMILY = 1;
				VALIDATE_PRODUCT = YES;
			};
			name = Release;
		};
		C01FCF4F08A954540054247B /* Debug */ = {
			isa = XCBuildConfiguration;
			buildSettings = {
				ARCHS = "$(ARCHS_STANDARD_32_BIT)";
				"CODE_SIGN_IDENTITY[sdk=iphoneos*]" = "iPhone Developer";
				GCC_C_LANGUAGE_STANDARD = c99;
				GCC_WARN_ABOUT_RETURN_TYPE = YES;
				GCC_WARN_UNUSED_VARIABLE = YES;
				PREBINDING = NO;
				SDKROOT = iphoneos4.3;
			};
			name = Debug;
		};
		C01FCF5008A954540054247B /* Release */ = {
			isa = XCBuildConfiguration;
			buildSettings = {
				ARCHS = "$(ARCHS_STANDARD_32_BIT)";
				"CODE_SIGN_IDENTITY[sdk=iphoneos*]" = "iPhone Developer";
				GCC_C_LANGUAGE_STANDARD = c99;
				GCC_WARN_ABOUT_RETURN_TYPE = YES;
				GCC_WARN_UNUSED_VARIABLE = YES;
				OTHER_CFLAGS = "-DNS_BLOCK_ASSERTIONS=1";
				PREBINDING = NO;
				SDKROOT = iphoneos4.3;
			};
			name = Release;
		};
/* End XCBuildConfiguration section */

/* Begin XCConfigurationList section */
		1D6058960D05DD3E006BFB54 /* Build configuration list for PBXNativeTarget "ClassMate" */ = {
			isa = XCConfigurationList;
			buildConfigurations = (
				1D6058940D05DD3E006BFB54 /* Debug */,
				1D6058950D05DD3E006BFB54 /* Release */,
			);
			defaultConfigurationIsVisible = 0;
			defaultConfigurationName = Release;
		};
		C01FCF4E08A954540054247B /* Build configuration list for PBXProject "ClassMate" */ = {
			isa = XCConfigurationList;
			buildConfigurations = (
				C01FCF4F08A954540054247B /* Debug */,
				C01FCF5008A954540054247B /* Release */,
			);
			defaultConfigurationIsVisible = 0;
			defaultConfigurationName = Release;
		};
/* End XCConfigurationList section */
	};
	rootObject = 29B97313FDCFA39411CA2CEA /* Project object */;
}
