// !$*UTF8*$!
{
	archiveVersion = 1;
	classes = {
	};
	objectVersion = 46;
	objects = {

/* Begin PBXBuildFile section */
		1D3623260D0F684500981E51 /* ClassMateAppDelegate.m in Sources */ = {isa = PBXBuildFile; fileRef = 1D3623250D0F684500981E51 /* ClassMateAppDelegate.m */; };
		1D60589B0D05DD56006BFB54 /* main.m in Sources */ = {isa = PBXBuildFile; fileRef = 29B97316FDCFA39411CA2CEA /* main.m */; };
		1D60589F0D05DD5A006BFB54 /* Foundation.framework in Frameworks */ = {isa = PBXBuildFile; fileRef = 1D30AB110D05D00D00671497 /* Foundation.framework */; };
		1DF5F4E00D08C38300B7A737 /* UIKit.framework in Frameworks */ = {isa = PBXBuildFile; fileRef = 1DF5F4DF0D08C38300B7A737 /* UIKit.framework */; };
		28216C970DB411BC00E5133A /* FirstViewController.m in Sources */ = {isa = PBXBuildFile; fileRef = 28216C960DB411BC00E5133A /* FirstViewController.m */; };
		282CCBFE0DB6C98000C4EA27 /* SecondView.xib in Resources */ = {isa = PBXBuildFile; fileRef = 282CCBFD0DB6C98000C4EA27 /* SecondView.xib */; };
		2840D7CE1179279E00D7F93C /* FirstView.xib in Resources */ = {isa = PBXBuildFile; fileRef = 2840D7CD1179279E00D7F93C /* FirstView.xib */; };
		288765080DF74369002DB57D /* CoreGraphics.framework in Frameworks */ = {isa = PBXBuildFile; fileRef = 288765070DF74369002DB57D /* CoreGraphics.framework */; };
		28AD73880D9D96C1002E5188 /* MainWindow.xib in Resources */ = {isa = PBXBuildFile; fileRef = 28AD73870D9D96C1002E5188 /* MainWindow.xib */; };
		3F5603A613E08CFA00C4AC0C /* 190-bank.png in Resources */ = {isa = PBXBuildFile; fileRef = 3F5603A513E08CFA00C4AC0C /* 190-bank.png */; };
		3F5603A813E08D0900C4AC0C /* 179-notepad.png in Resources */ = {isa = PBXBuildFile; fileRef = 3F5603A713E08D0900C4AC0C /* 179-notepad.png */; };
		3F5603B013E08EC500C4AC0C /* addEvent.m in Sources */ = {isa = PBXBuildFile; fileRef = 3F5603AE13E08EC500C4AC0C /* addEvent.m */; };
		3F5603B113E08EC500C4AC0C /* addEvent.xib in Resources */ = {isa = PBXBuildFile; fileRef = 3F5603AF13E08EC500C4AC0C /* addEvent.xib */; };
		3FB593B813DFB1A8009631D2 /* DescriptionView.m in Sources */ = {isa = PBXBuildFile; fileRef = 3FB593B613DFB1A8009631D2 /* DescriptionView.m */; };
		3FB593B913DFB1A8009631D2 /* DescriptionView.xib in Resources */ = {isa = PBXBuildFile; fileRef = 3FB593B713DFB1A8009631D2 /* DescriptionView.xib */; };
		3FB593BE13DFB1E4009631D2 /* aboutView.m in Sources */ = {isa = PBXBuildFile; fileRef = 3FB593BC13DFB1E4009631D2 /* aboutView.m */; };
		3FB593BF13DFB1E4009631D2 /* aboutView.xib in Resources */ = {isa = PBXBuildFile; fileRef = 3FB593BD13DFB1E4009631D2 /* aboutView.xib */; };
		521B61AA13E19D4000DEBD8D /* icon_retina.png in Resources */ = {isa = PBXBuildFile; fileRef = 521B61A813E19D4000DEBD8D /* icon_retina.png */; };
		521B61AB13E19D4000DEBD8D /* icon.png in Resources */ = {isa = PBXBuildFile; fileRef = 521B61A913E19D4000DEBD8D /* icon.png */; };
		52321FAC13DCFEE20064C648 /* EventObj.m in Sources */ = {isa = PBXBuildFile; fileRef = 52321FAB13DCFEE20064C648 /* EventObj.m */; };
		52BED55113DE516700751AB7 /* addClass.m in Sources */ = {isa = PBXBuildFile; fileRef = 52BED54F13DE516700751AB7 /* addClass.m */; };
		52BED55213DE516700751AB7 /* addClass.xib in Resources */ = {isa = PBXBuildFile; fileRef = 52BED55013DE516700751AB7 /* addClass.xib */; };
		52C3E4B413DF4E9200A30845 /* classList.m in Sources */ = {isa = PBXBuildFile; fileRef = 52C3E4B113DF4E9200A30845 /* classList.m */; };
		52C3E4B513DF4E9200A30845 /* classList.xib in Resources */ = {isa = PBXBuildFile; fileRef = 52C3E4B213DF4E9200A30845 /* classList.xib */; };
		52C3E4B613DF4E9200A30845 /* EgoDb.m in Sources */ = {isa = PBXBuildFile; fileRef = 52C3E4B313DF4E9200A30845 /* EgoDb.m */; };
		52C3E4C213DF4EE900A30845 /* classView.m in Sources */ = {isa = PBXBuildFile; fileRef = 52C3E4C013DF4EE900A30845 /* classView.m */; };
		52C3E4C313DF4EE900A30845 /* classView.xib in Resources */ = {isa = PBXBuildFile; fileRef = 52C3E4C113DF4EE900A30845 /* classView.xib */; };
		52CA2CC513D9EF39006A9A05 /* EGODatabase.m in Sources */ = {isa = PBXBuildFile; fileRef = 52CA2CBC13D9EF39006A9A05 /* EGODatabase.m */; };
		52CA2CC613D9EF39006A9A05 /* EGODatabaseRequest.m in Sources */ = {isa = PBXBuildFile; fileRef = 52CA2CBE13D9EF39006A9A05 /* EGODatabaseRequest.m */; };
		52CA2CC713D9EF39006A9A05 /* EGODatabaseResult.m in Sources */ = {isa = PBXBuildFile; fileRef = 52CA2CC013D9EF39006A9A05 /* EGODatabaseResult.m */; };
		52CA2CC813D9EF39006A9A05 /* EGODatabaseRow.m in Sources */ = {isa = PBXBuildFile; fileRef = 52CA2CC213D9EF39006A9A05 /* EGODatabaseRow.m */; };
		52CA2CCC13D9EF57006A9A05 /* ClassObj.m in Sources */ = {isa = PBXBuildFile; fileRef = 52CA2CCB13D9EF57006A9A05 /* ClassObj.m */; };
		52CA2CCE13D9EF70006A9A05 /* ClassMate2.sqlite in Resources */ = {isa = PBXBuildFile; fileRef = 52CA2CCD13D9EF70006A9A05 /* ClassMate2.sqlite */; };
		52CA2CD013D9EF89006A9A05 /* libsqlite3.0.dylib in Frameworks */ = {isa = PBXBuildFile; fileRef = 52CA2CCF13D9EF89006A9A05 /* libsqlite3.0.dylib */; };
/* End PBXBuildFile section */

/* Begin PBXFileReference section */
		1D30AB110D05D00D00671497 /* Foundation.framework */ = {isa = PBXFileReference; lastKnownFileType = wrapper.framework; name = Foundation.framework; path = System/Library/Frameworks/Foundation.framework; sourceTree = SDKROOT; };
		1D3623240D0F684500981E51 /* ClassMateAppDelegate.h */ = {isa = PBXFileReference; fileEncoding = 4; lastKnownFileType = sourcecode.c.h; path = ClassMateAppDelegate.h; sourceTree = "<group>"; };
		1D3623250D0F684500981E51 /* ClassMateAppDelegate.m */ = {isa = PBXFileReference; fileEncoding = 4; lastKnownFileType = sourcecode.c.objc; path = ClassMateAppDelegate.m; sourceTree = "<group>"; };
		1D6058910D05DD3D006BFB54 /* ClassMate.app */ = {isa = PBXFileReference; explicitFileType = wrapper.application; includeInIndex = 0; path = ClassMate.app; sourceTree = BUILT_PRODUCTS_DIR; };
		1DF5F4DF0D08C38300B7A737 /* UIKit.framework */ = {isa = PBXFileReference; lastKnownFileType = wrapper.framework; name = UIKit.framework; path = System/Library/Frameworks/UIKit.framework; sourceTree = SDKROOT; };
		28216C950DB411BC00E5133A /* FirstViewController.h */ = {isa = PBXFileReference; fileEncoding = 4; lastKnownFileType = sourcecode.c.h; path = FirstViewController.h; sourceTree = "<group>"; };
		28216C960DB411BC00E5133A /* FirstViewController.m */ = {isa = PBXFileReference; fileEncoding = 4; lastKnownFileType = sourcecode.c.objc; path = FirstViewController.m; sourceTree = "<group>"; };
		282CCBFD0DB6C98000C4EA27 /* SecondView.xib */ = {isa = PBXFileReference; lastKnownFileType = file.xib; path = SecondView.xib; sourceTree = "<group>"; };
		2840D7CD1179279E00D7F93C /* FirstView.xib */ = {isa = PBXFileReference; lastKnownFileType = file.xib; path = FirstView.xib; sourceTree = "<group>"; };
		288765070DF74369002DB57D /* CoreGraphics.framework */ = {isa = PBXFileReference; lastKnownFileType = wrapper.framework; name = CoreGraphics.framework; path = System/Library/Frameworks/CoreGraphics.framework; sourceTree = SDKROOT; };
		28A0AB4B0D9B1048005BE974 /* ClassMate_Prefix.pch */ = {isa = PBXFileReference; fileEncoding = 4; lastKnownFileType = sourcecode.c.h; path = ClassMate_Prefix.pch; sourceTree = "<group>"; };
		28AD73870D9D96C1002E5188 /* MainWindow.xib */ = {isa = PBXFileReference; lastKnownFileType = file.xib; path = MainWindow.xib; sourceTree = "<group>"; };
		29B97316FDCFA39411CA2CEA /* main.m */ = {isa = PBXFileReference; fileEncoding = 4; lastKnownFileType = sourcecode.c.objc; path = main.m; sourceTree = "<group>"; };
		3F5603A513E08CFA00C4AC0C /* 190-bank.png */ = {isa = PBXFileReference; lastKnownFileType = image.png; path = "190-bank.png"; sourceTree = "<group>"; };
		3F5603A713E08D0900C4AC0C /* 179-notepad.png */ = {isa = PBXFileReference; lastKnownFileType = image.png; path = "179-notepad.png"; sourceTree = "<group>"; };
		3F5603AD13E08EC500C4AC0C /* addEvent.h */ = {isa = PBXFileReference; fileEncoding = 4; lastKnownFileType = sourcecode.c.h; name = addEvent.h; path = ../addEvent.h; sourceTree = "<group>"; };
		3F5603AE13E08EC500C4AC0C /* addEvent.m */ = {isa = PBXFileReference; fileEncoding = 4; lastKnownFileType = sourcecode.c.objc; name = addEvent.m; path = ../addEvent.m; sourceTree = "<group>"; };
		3F5603AF13E08EC500C4AC0C /* addEvent.xib */ = {isa = PBXFileReference; fileEncoding = 4; lastKnownFileType = file.xib; name = addEvent.xib; path = ../addEvent.xib; sourceTree = "<group>"; };
		3FB593B513DFB1A8009631D2 /* DescriptionView.h */ = {isa = PBXFileReference; fileEncoding = 4; lastKnownFileType = sourcecode.c.h; path = DescriptionView.h; sourceTree = "<group>"; };
		3FB593B613DFB1A8009631D2 /* DescriptionView.m */ = {isa = PBXFileReference; fileEncoding = 4; lastKnownFileType = sourcecode.c.objc; path = DescriptionView.m; sourceTree = "<group>"; };
		3FB593B713DFB1A8009631D2 /* DescriptionView.xib */ = {isa = PBXFileReference; fileEncoding = 4; lastKnownFileType = file.xib; path = DescriptionView.xib; sourceTree = "<group>"; };
		3FB593BB13DFB1E4009631D2 /* aboutView.h */ = {isa = PBXFileReference; fileEncoding = 4; lastKnownFileType = sourcecode.c.h; path = aboutView.h; sourceTree = SOURCE_ROOT; };
		3FB593BC13DFB1E4009631D2 /* aboutView.m */ = {isa = PBXFileReference; fileEncoding = 4; lastKnownFileType = sourcecode.c.objc; path = aboutView.m; sourceTree = SOURCE_ROOT; };
		3FB593BD13DFB1E4009631D2 /* aboutView.xib */ = {isa = PBXFileReference; fileEncoding = 4; lastKnownFileType = file.xib; path = aboutView.xib; sourceTree = SOURCE_ROOT; };
		521B61A813E19D4000DEBD8D /* icon_retina.png */ = {isa = PBXFileReference; lastKnownFileType = image.png; path = icon_retina.png; sourceTree = "<group>"; };
		521B61A913E19D4000DEBD8D /* icon.png */ = {isa = PBXFileReference; lastKnownFileType = image.png; path = icon.png; sourceTree = "<group>"; };
		52321FAA13DCFED50064C648 /* EventObj.h */ = {isa = PBXFileReference; fileEncoding = 4; lastKnownFileType = sourcecode.c.h; path = EventObj.h; sourceTree = SOURCE_ROOT; };
		52321FAB13DCFEE20064C648 /* EventObj.m */ = {isa = PBXFileReference; fileEncoding = 4; lastKnownFileType = sourcecode.c.objc; path = EventObj.m; sourceTree = SOURCE_ROOT; };
		52BED54E13DE516700751AB7 /* addClass.h */ = {isa = PBXFileReference; fileEncoding = 4; lastKnownFileType = sourcecode.c.h; path = addClass.h; sourceTree = "<group>"; };
		52BED54F13DE516700751AB7 /* addClass.m */ = {isa = PBXFileReference; fileEncoding = 4; lastKnownFileType = sourcecode.c.objc; path = addClass.m; sourceTree = "<group>"; };
		52BED55013DE516700751AB7 /* addClass.xib */ = {isa = PBXFileReference; lastKnownFileType = file.xib; path = addClass.xib; sourceTree = "<group>"; };
		52C3E4B013DF4E9200A30845 /* classList.h */ = {isa = PBXFileReference; fileEncoding = 4; lastKnownFileType = sourcecode.c.h; name = classList.h; path = ../classList.h; sourceTree = SOURCE_ROOT; };
		52C3E4B113DF4E9200A30845 /* classList.m */ = {isa = PBXFileReference; fileEncoding = 4; lastKnownFileType = sourcecode.c.objc; name = classList.m; path = ../classList.m; sourceTree = SOURCE_ROOT; };
		52C3E4B213DF4E9200A30845 /* classList.xib */ = {isa = PBXFileReference; lastKnownFileType = file.xib; name = classList.xib; path = ../classList.xib; sourceTree = SOURCE_ROOT; };
		52C3E4B313DF4E9200A30845 /* EgoDb.m */ = {isa = PBXFileReference; fileEncoding = 4; lastKnownFileType = sourcecode.c.objc; name = EgoDb.m; path = ../EgoDb.m; sourceTree = SOURCE_ROOT; };
		52C3E4BF13DF4EE900A30845 /* classView.h */ = {isa = PBXFileReference; fileEncoding = 4; lastKnownFileType = sourcecode.c.h; path = classView.h; sourceTree = "<group>"; };
		52C3E4C013DF4EE900A30845 /* classView.m */ = {isa = PBXFileReference; fileEncoding = 4; lastKnownFileType = sourcecode.c.objc; path = classView.m; sourceTree = "<group>"; };
		52C3E4C113DF4EE900A30845 /* classView.xib */ = {isa = PBXFileReference; lastKnownFileType = file.xib; path = classView.xib; sourceTree = "<group>"; };
		52CA2CBB13D9EF39006A9A05 /* EGODatabase.h */ = {isa = PBXFileReference; fileEncoding = 4; lastKnownFileType = sourcecode.c.h; path = EGODatabase.h; sourceTree = "<group>"; };
		52CA2CBC13D9EF39006A9A05 /* EGODatabase.m */ = {isa = PBXFileReference; fileEncoding = 4; lastKnownFileType = sourcecode.c.objc; path = EGODatabase.m; sourceTree = "<group>"; };
		52CA2CBD13D9EF39006A9A05 /* EGODatabaseRequest.h */ = {isa = PBXFileReference; fileEncoding = 4; lastKnownFileType = sourcecode.c.h; path = EGODatabaseRequest.h; sourceTree = "<group>"; };
		52CA2CBE13D9EF39006A9A05 /* EGODatabaseRequest.m */ = {isa = PBXFileReference; fileEncoding = 4; lastKnownFileType = sourcecode.c.objc; path = EGODatabaseRequest.m; sourceTree = "<group>"; };
		52CA2CBF13D9EF39006A9A05 /* EGODatabaseResult.h */ = {isa = PBXFileReference; fileEncoding = 4; lastKnownFileType = sourcecode.c.h; path = EGODatabaseResult.h; sourceTree = "<group>"; };
		52CA2CC013D9EF39006A9A05 /* EGODatabaseResult.m */ = {isa = PBXFileReference; fileEncoding = 4; lastKnownFileType = sourcecode.c.objc; path = EGODatabaseResult.m; sourceTree = "<group>"; };
		52CA2CC113D9EF39006A9A05 /* EGODatabaseRow.h */ = {isa = PBXFileReference; fileEncoding = 4; lastKnownFileType = sourcecode.c.h; path = EGODatabaseRow.h; sourceTree = "<group>"; };
		52CA2CC213D9EF39006A9A05 /* EGODatabaseRow.m */ = {isa = PBXFileReference; fileEncoding = 4; lastKnownFileType = sourcecode.c.objc; path = EGODatabaseRow.m; sourceTree = "<group>"; };
		52CA2CC313D9EF39006A9A05 /* EgoDb.h */ = {isa = PBXFileReference; fileEncoding = 4; lastKnownFileType = sourcecode.c.h; path = EgoDb.h; sourceTree = "<group>"; };
		52CA2CCA13D9EF57006A9A05 /* ClassObj.h */ = {isa = PBXFileReference; fileEncoding = 4; lastKnownFileType = sourcecode.c.h; path = ClassObj.h; sourceTree = "<group>"; };
		52CA2CCB13D9EF57006A9A05 /* ClassObj.m */ = {isa = PBXFileReference; fileEncoding = 4; lastKnownFileType = sourcecode.c.objc; path = ClassObj.m; sourceTree = "<group>"; };
		52CA2CCD13D9EF70006A9A05 /* ClassMate2.sqlite */ = {isa = PBXFileReference; lastKnownFileType = file; path = ClassMate2.sqlite; sourceTree = "<group>"; };
		52CA2CCF13D9EF89006A9A05 /* libsqlite3.0.dylib */ = {isa = PBXFileReference; lastKnownFileType = "compiled.mach-o.dylib"; name = libsqlite3.0.dylib; path = usr/lib/libsqlite3.0.dylib; sourceTree = SDKROOT; };
		8D1107310486CEB800E47090 /* ClassMate-Info.plist */ = {isa = PBXFileReference; fileEncoding = 4; lastKnownFileType = text.plist.xml; path = "ClassMate-Info.plist"; plistStructureDefinitionIdentifier = "com.apple.xcode.plist.structure-definition.iphone.info-plist"; sourceTree = "<group>"; };
/* End PBXFileReference section */

/* Begin PBXFrameworksBuildPhase section */
		1D60588F0D05DD3D006BFB54 /* Frameworks */ = {
			isa = PBXFrameworksBuildPhase;
			buildActionMask = 2147483647;
			files = (
				1D60589F0D05DD5A006BFB54 /* Foundation.framework in Frameworks */,
				1DF5F4E00D08C38300B7A737 /* UIKit.framework in Frameworks */,
				288765080DF74369002DB57D /* CoreGraphics.framework in Frameworks */,
				52CA2CD013D9EF89006A9A05 /* libsqlite3.0.dylib in Frameworks */,
			);
			runOnlyForDeploymentPostprocessing = 0;
		};
/* End PBXFrameworksBuildPhase section */

/* Begin PBXGroup section */
		080E96DDFE201D6D7F000001 /* Classes */ = {
			isa = PBXGroup;
			children = (
				3F5603AD13E08EC500C4AC0C /* addEvent.h */,
				3F5603AE13E08EC500C4AC0C /* addEvent.m */,
				3F5603AF13E08EC500C4AC0C /* addEvent.xib */,
				3FB593BC13DFB1E4009631D2 /* aboutView.m */,
				3FB593BD13DFB1E4009631D2 /* aboutView.xib */,
				3FB593B513DFB1A8009631D2 /* DescriptionView.h */,
				3FB593B613DFB1A8009631D2 /* DescriptionView.m */,
				3FB593BB13DFB1E4009631D2 /* aboutView.h */,
				3FB593B713DFB1A8009631D2 /* DescriptionView.xib */,
				52C3E4BF13DF4EE900A30845 /* classView.h */,
				52C3E4C013DF4EE900A30845 /* classView.m */,
				52C3E4C113DF4EE900A30845 /* classView.xib */,
				52C3E4B013DF4E9200A30845 /* classList.h */,
				52C3E4B113DF4E9200A30845 /* classList.m */,
				52C3E4B213DF4E9200A30845 /* classList.xib */,
				52321FAB13DCFEE20064C648 /* EventObj.m */,
				52321FAA13DCFED50064C648 /* EventObj.h */,
				52CA2CCA13D9EF57006A9A05 /* ClassObj.h */,
				52CA2CCB13D9EF57006A9A05 /* ClassObj.m */,
				28216C950DB411BC00E5133A /* FirstViewController.h */,
				28216C960DB411BC00E5133A /* FirstViewController.m */,
				1D3623240D0F684500981E51 /* ClassMateAppDelegate.h */,
				1D3623250D0F684500981E51 /* ClassMateAppDelegate.m */,
				52BED54E13DE516700751AB7 /* addClass.h */,
				52BED54F13DE516700751AB7 /* addClass.m */,
				52BED55013DE516700751AB7 /* addClass.xib */,
			);
			path = Classes;
			sourceTree = "<group>";
		};
		19C28FACFE9D520D11CA2CBB /* Products */ = {
			isa = PBXGroup;
			children = (
				1D6058910D05DD3D006BFB54 /* ClassMate.app */,
			);
			name = Products;
			sourceTree = "<group>";
		};
		29B97314FDCFA39411CA2CEA /* ClassMate */ = {
			isa = PBXGroup;
			children = (
				521B61A813E19D4000DEBD8D /* icon_retina.png */,
				521B61A913E19D4000DEBD8D /* icon.png */,
				52CA2CBA13D9EEE2006A9A05 /* Database */,
				080E96DDFE201D6D7F000001 /* Classes */,
				29B97315FDCFA39411CA2CEA /* Other Sources */,
				29B97317FDCFA39411CA2CEA /* Resources */,
				29B97323FDCFA39411CA2CEA /* Frameworks */,
				19C28FACFE9D520D11CA2CBB /* Products */,
			);
			name = ClassMate;
			sourceTree = "<group>";
		};
		29B97315FDCFA39411CA2CEA /* Other Sources */ = {
			isa = PBXGroup;
			children = (
				28A0AB4B0D9B1048005BE974 /* ClassMate_Prefix.pch */,
				29B97316FDCFA39411CA2CEA /* main.m */,
			);
			name = "Other Sources";
			sourceTree = "<group>";
		};
		29B97317FDCFA39411CA2CEA /* Resources */ = {
			isa = PBXGroup;
			children = (
				3F5603A713E08D0900C4AC0C /* 179-notepad.png */,
				3F5603A513E08CFA00C4AC0C /* 190-bank.png */,
				52CA2CCD13D9EF70006A9A05 /* ClassMate2.sqlite */,
				2840D7CD1179279E00D7F93C /* FirstView.xib */,
				282CCBFD0DB6C98000C4EA27 /* SecondView.xib */,
				28AD73870D9D96C1002E5188 /* MainWindow.xib */,
				8D1107310486CEB800E47090 /* ClassMate-Info.plist */,
			);
			name = Resources;
			sourceTree = "<group>";
		};
		29B97323FDCFA39411CA2CEA /* Frameworks */ = {
			isa = PBXGroup;
			children = (
				1DF5F4DF0D08C38300B7A737 /* UIKit.framework */,
				1D30AB110D05D00D00671497 /* Foundation.framework */,
				288765070DF74369002DB57D /* CoreGraphics.framework */,
				52CA2CCF13D9EF89006A9A05 /* libsqlite3.0.dylib */,
			);
			name = Frameworks;
			sourceTree = "<group>";
		};
		52CA2CBA13D9EEE2006A9A05 /* Database */ = {
			isa = PBXGroup;
			children = (
				52CA2CBB13D9EF39006A9A05 /* EGODatabase.h */,
				52CA2CBC13D9EF39006A9A05 /* EGODatabase.m */,
				52CA2CBD13D9EF39006A9A05 /* EGODatabaseRequest.h */,
				52CA2CBE13D9EF39006A9A05 /* EGODatabaseRequest.m */,
				52CA2CBF13D9EF39006A9A05 /* EGODatabaseResult.h */,
				52CA2CC013D9EF39006A9A05 /* EGODatabaseResult.m */,
				52CA2CC113D9EF39006A9A05 /* EGODatabaseRow.h */,
				52CA2CC213D9EF39006A9A05 /* EGODatabaseRow.m */,
				52CA2CC313D9EF39006A9A05 /* EgoDb.h */,
				52C3E4B313DF4E9200A30845 /* EgoDb.m */,
			);
			name = Database;
			sourceTree = "<group>";
		};
/* End PBXGroup section */

/* Begin PBXNativeTarget section */
		1D6058900D05DD3D006BFB54 /* ClassMate */ = {
			isa = PBXNativeTarget;
			buildConfigurationList = 1D6058960D05DD3E006BFB54 /* Build configuration list for PBXNativeTarget "ClassMate" */;
			buildPhases = (
				1D60588D0D05DD3D006BFB54 /* Resources */,
				1D60588E0D05DD3D006BFB54 /* Sources */,
				1D60588F0D05DD3D006BFB54 /* Frameworks */,
			);
			buildRules = (
			);
			dependencies = (
			);
			name = ClassMate;
			productName = ClassMate;
			productReference = 1D6058910D05DD3D006BFB54 /* ClassMate.app */;
			productType = "com.apple.product-type.application";
		};
/* End PBXNativeTarget section */

/* Begin PBXProject section */
		29B97313FDCFA39411CA2CEA /* Project object */ = {
			isa = PBXProject;
			buildConfigurationList = C01FCF4E08A954540054247B /* Build configuration list for PBXProject "ClassMate" */;
			compatibilityVersion = "Xcode 3.2";
			developmentRegion = English;
			hasScannedForEncodings = 1;
			knownRegions = (
				English,
				Japanese,
				French,
				German,
			);
			mainGroup = 29B97314FDCFA39411CA2CEA /* ClassMate */;
			projectDirPath = "";
			projectRoot = "";
			targets = (
				1D6058900D05DD3D006BFB54 /* ClassMate */,
			);
		};
/* End PBXProject section */

/* Begin PBXResourcesBuildPhase section */
		1D60588D0D05DD3D006BFB54 /* Resources */ = {
			isa = PBXResourcesBuildPhase;
			buildActionMask = 2147483647;
			files = (
				28AD73880D9D96C1002E5188 /* MainWindow.xib in Resources */,
				282CCBFE0DB6C98000C4EA27 /* SecondView.xib in Resources */,
				2840D7CE1179279E00D7F93C /* FirstView.xib in Resources */,
				52CA2CCE13D9EF70006A9A05 /* ClassMate2.sqlite in Resources */,
				52BED55213DE516700751AB7 /* addClass.xib in Resources */,
				52C3E4B513DF4E9200A30845 /* classList.xib in Resources */,
				52C3E4C313DF4EE900A30845 /* classView.xib in Resources */,
				3FB593B913DFB1A8009631D2 /* DescriptionView.xib in Resources */,
				3FB593BF13DFB1E4009631D2 /* aboutView.xib in Resources */,
				3F5603A613E08CFA00C4AC0C /* 190-bank.png in Resources */,
				3F5603A813E08D0900C4AC0C /* 179-notepad.png in Resources */,
				3F5603B113E08EC500C4AC0C /* addEvent.xib in Resources */,
				521B61AA13E19D4000DEBD8D /* icon_retina.png in Resources */,
				521B61AB13E19D4000DEBD8D /* icon.png in Resources */,
			);
			runOnlyForDeploymentPostprocessing = 0;
		};
/* End PBXResourcesBuildPhase section */

/* Begin PBXSourcesBuildPhase section */
		1D60588E0D05DD3D006BFB54 /* Sources */ = {
			isa = PBXSourcesBuildPhase;
			buildActionMask = 2147483647;
			files = (
				1D60589B0D05DD56006BFB54 /* main.m in Sources */,
				1D3623260D0F684500981E51 /* ClassMateAppDelegate.m in Sources */,
				28216C970DB411BC00E5133A /* FirstViewController.m in Sources */,
				52CA2CC513D9EF39006A9A05 /* EGODatabase.m in Sources */,
				52CA2CC613D9EF39006A9A05 /* EGODatabaseRequest.m in Sources */,
				52CA2CC713D9EF39006A9A05 /* EGODatabaseResult.m in Sources */,
				52CA2CC813D9EF39006A9A05 /* EGODatabaseRow.m in Sources */,
				52CA2CCC13D9EF57006A9A05 /* ClassObj.m in Sources */,
				52321FAC13DCFEE20064C648 /* EventObj.m in Sources */,
				52BED55113DE516700751AB7 /* addClass.m in Sources */,
				52C3E4B413DF4E9200A30845 /* classList.m in Sources */,
				52C3E4B613DF4E9200A30845 /* EgoDb.m in Sources */,
				52C3E4C213DF4EE900A30845 /* classView.m in Sources */,
				3FB593B813DFB1A8009631D2 /* DescriptionView.m in Sources */,
				3FB593BE13DFB1E4009631D2 /* aboutView.m in Sources */,
				3F5603B013E08EC500C4AC0C /* addEvent.m in Sources */,
			);
			runOnlyForDeploymentPostprocessing = 0;
		};
/* End PBXSourcesBuildPhase section */

/* Begin XCBuildConfiguration section */
		1D6058940D05DD3E006BFB54 /* Debug */ = {
			isa = XCBuildConfiguration;
			buildSettings = {
				ALWAYS_SEARCH_USER_PATHS = NO;
				COPY_PHASE_STRIP = NO;
				GCC_DYNAMIC_NO_PIC = NO;
				GCC_OPTIMIZATION_LEVEL = 0;
				GCC_PRECOMPILE_PREFIX_HEADER = YES;
				GCC_PREFIX_HEADER = ClassMate_Prefix.pch;
				INFOPLIST_FILE = "ClassMate-Info.plist";
				PRODUCT_NAME = ClassMate;
			};
			name = Debug;
		};
		1D6058950D05DD3E006BFB54 /* Release */ = {
			isa = XCBuildConfiguration;
			buildSettings = {
				ALWAYS_SEARCH_USER_PATHS = NO;
				COPY_PHASE_STRIP = YES;
				GCC_PRECOMPILE_PREFIX_HEADER = YES;
				GCC_PREFIX_HEADER = ClassMate_Prefix.pch;
				INFOPLIST_FILE = "ClassMate-Info.plist";
				PRODUCT_NAME = ClassMate;
				VALIDATE_PRODUCT = YES;
			};
			name = Release;
		};
		C01FCF4F08A954540054247B /* Debug */ = {
			isa = XCBuildConfiguration;
			buildSettings = {
				ARCHS = "$(ARCHS_STANDARD_32_BIT)";
				"CODE_SIGN_IDENTITY[sdk=iphoneos*]" = "iPhone Developer";
				GCC_C_LANGUAGE_STANDARD = c99;
				GCC_WARN_ABOUT_RETURN_TYPE = YES;
				GCC_WARN_UNUSED_VARIABLE = YES;
				PREBINDING = NO;
				SDKROOT = iphoneos;
			};
			name = Debug;
		};
		C01FCF5008A954540054247B /* Release */ = {
			isa = XCBuildConfiguration;
			buildSettings = {
				ARCHS = "$(ARCHS_STANDARD_32_BIT)";
				"CODE_SIGN_IDENTITY[sdk=iphoneos*]" = "iPhone Developer";
				GCC_C_LANGUAGE_STANDARD = c99;
				GCC_WARN_ABOUT_RETURN_TYPE = YES;
				GCC_WARN_UNUSED_VARIABLE = YES;
				OTHER_CFLAGS = "-DNS_BLOCK_ASSERTIONS=1";
				PREBINDING = NO;
				SDKROOT = iphoneos;
			};
			name = Release;
		};
/* End XCBuildConfiguration section */

/* Begin XCConfigurationList section */
		1D6058960D05DD3E006BFB54 /* Build configuration list for PBXNativeTarget "ClassMate" */ = {
			isa = XCConfigurationList;
			buildConfigurations = (
				1D6058940D05DD3E006BFB54 /* Debug */,
				1D6058950D05DD3E006BFB54 /* Release */,
			);
			defaultConfigurationIsVisible = 0;
			defaultConfigurationName = Release;
		};
		C01FCF4E08A954540054247B /* Build configuration list for PBXProject "ClassMate" */ = {
			isa = XCConfigurationList;
			buildConfigurations = (
				C01FCF4F08A954540054247B /* Debug */,
				C01FCF5008A954540054247B /* Release */,
			);
			defaultConfigurationIsVisible = 0;
			defaultConfigurationName = Release;
		};
/* End XCConfigurationList section */
	};
	rootObject = 29B97313FDCFA39411CA2CEA /* Project object */;
}
